
Microsoft Visual Studio Solution File, Format Version 12.00
# Visual Studio Version 16
VisualStudioVersion = 16.0.32002.261
MinimumVisualStudioVersion = 10.0.40219.1
Project("{9A19103F-16F7-4668-BE54-9A1E7A4F7556}") = "Coding", "Coding\Coding.csproj", "{91314DE9-3F4D-4AF0-B181-5E0CC2F57EA3}"
EndProject
Project("{FAE04EC0-301F-11D3-BF4B-00C04F79EFBC}") = "Homework", "Homework\Homework.csproj", "{60C4EAE8-84A7-4FE5-B2F6-49CADF34C596}"
EndProject
Global
	GlobalSection(SolutionConfigurationPlatforms) = preSolution
		Debug|Any CPU = Debug|Any CPU
		Release|Any CPU = Release|Any CPU
	EndGlobalSection
	GlobalSection(ProjectConfigurationPlatforms) = postSolution
		{91314DE9-3F4D-4AF0-B181-5E0CC2F57EA3}.Debug|Any CPU.ActiveCfg = Debug|Any CPU
		{91314DE9-3F4D-4AF0-B181-5E0CC2F57EA3}.Debug|Any CPU.Build.0 = Debug|Any CPU
		{91314DE9-3F4D-4AF0-B181-5E0CC2F57EA3}.Release|Any CPU.ActiveCfg = Release|Any CPU
		{91314DE9-3F4D-4AF0-B181-5E0CC2F57EA3}.Release|Any CPU.Build.0 = Release|Any CPU
		{60C4EAE8-84A7-4FE5-B2F6-49CADF34C596}.Debug|Any CPU.ActiveCfg = Debug|Any CPU
		{60C4EAE8-84A7-4FE5-B2F6-49CADF34C596}.Debug|Any CPU.Build.0 = Debug|Any CPU
		{60C4EAE8-84A7-4FE5-B2F6-49CADF34C596}.Release|Any CPU.ActiveCfg = Release|Any CPU
		{60C4EAE8-84A7-4FE5-B2F6-49CADF34C596}.Release|Any CPU.Build.0 = Release|Any CPU
	EndGlobalSection
	GlobalSection(SolutionProperties) = preSolution
		HideSolutionNode = FALSE
	EndGlobalSection
	GlobalSection(ExtensibilityGlobals) = postSolution
		SolutionGuid = {35C9FE18-000E-4C31-8CF9-49EA4A234AD7}
	EndGlobalSection
EndGlobal
